
Microsoft Visual Studio Solution File, Format Version 12.00
# Visual Studio 15
VisualStudioVersion = 15.0.27703.2035
MinimumVisualStudioVersion = 10.0.40219.1
Project("{888888A0-9F3D-457C-B088-3A5042F75D52}") = "FileMerge", "FileMerge\FileMerge.pyproj", "{C1D22F83-F3E8-4395-B626-B06A05C514FA}"
EndProject
Global
	GlobalSection(SolutionConfigurationPlatforms) = preSolution
		Debug|Any CPU = Debug|Any CPU
		Release|Any CPU = Release|Any CPU
	EndGlobalSection
	GlobalSection(ProjectConfigurationPlatforms) = postSolution
		{C1D22F83-F3E8-4395-B626-B06A05C514FA}.Debug|Any CPU.ActiveCfg = Debug|Any CPU
		{C1D22F83-F3E8-4395-B626-B06A05C514FA}.Release|Any CPU.ActiveCfg = Release|Any CPU
	EndGlobalSection
	GlobalSection(SolutionProperties) = preSolution
		HideSolutionNode = FALSE
	EndGlobalSection
	GlobalSection(ExtensibilityGlobals) = postSolution
		SolutionGuid = {E4841FF3-4625-4450-AC86-D55B5A51ABE2}
	EndGlobalSection
EndGlobal
